
Microsoft Visual Studio Solution File, Format Version 12.00
# Visual Studio Version 17
VisualStudioVersion = 17.0.31903.59
MinimumVisualStudioVersion = 10.0.40219.1
Project("{2150E333-8FDC-42A3-9474-1A3956D46DE8}") = "src", "src", "{827E0CD3-B72D-47B6-A68D-7590B98EB39B}"
EndProject
Project("{FAE04EC0-301F-11D3-BF4B-00C04F79EFBC}") = "EGL.Kinexa.Domain", "src\EGL.Kinexa.Domain\EGL.Kinexa.Domain.csproj", "{773A041D-A4E1-46AF-A56D-ECED7335EDA8}"
EndProject
Project("{FAE04EC0-301F-11D3-BF4B-00C04F79EFBC}") = "EGL.Kinexa.Application", "src\EGL.Kinexa.Application\EGL.Kinexa.Application.csproj", "{8E8223A9-0301-4035-A307-F624F963206A}"
EndProject
Project("{FAE04EC0-301F-11D3-BF4B-00C04F79EFBC}") = "EGL.Kinexa.Persistence", "src\EGL.Kinexa.Persistence\EGL.Kinexa.Persistence.csproj", "{9CD4068B-19C5-4AED-AAC6-A72816F7E159}"
EndProject
Project("{FAE04EC0-301F-11D3-BF4B-00C04F79EFBC}") = "EGL.Kinexa.Infrastructure", "src\EGL.Kinexa.Infrastructure\EGL.Kinexa.Infrastructure.csproj", "{C7D7225C-431A-4940-9714-525E005CE6F3}"
EndProject
Project("{FAE04EC0-301F-11D3-BF4B-00C04F79EFBC}") = "EGL.Kinexa.API", "src\EGL.Kinexa.API\EGL.Kinexa.API.csproj", "{11922B82-5A52-46E4-AABD-1909592B699E}"
EndProject
Global
	GlobalSection(SolutionConfigurationPlatforms) = preSolution
		Debug|Any CPU = Debug|Any CPU
		Debug|x64 = Debug|x64
		Debug|x86 = Debug|x86
		Release|Any CPU = Release|Any CPU
		Release|x64 = Release|x64
		Release|x86 = Release|x86
	EndGlobalSection
	GlobalSection(ProjectConfigurationPlatforms) = postSolution
		{773A041D-A4E1-46AF-A56D-ECED7335EDA8}.Debug|Any CPU.ActiveCfg = Debug|Any CPU
		{773A041D-A4E1-46AF-A56D-ECED7335EDA8}.Debug|Any CPU.Build.0 = Debug|Any CPU
		{773A041D-A4E1-46AF-A56D-ECED7335EDA8}.Debug|x64.ActiveCfg = Debug|Any CPU
		{773A041D-A4E1-46AF-A56D-ECED7335EDA8}.Debug|x64.Build.0 = Debug|Any CPU
		{773A041D-A4E1-46AF-A56D-ECED7335EDA8}.Debug|x86.ActiveCfg = Debug|Any CPU
		{773A041D-A4E1-46AF-A56D-ECED7335EDA8}.Debug|x86.Build.0 = Debug|Any CPU
		{773A041D-A4E1-46AF-A56D-ECED7335EDA8}.Release|Any CPU.ActiveCfg = Release|Any CPU
		{773A041D-A4E1-46AF-A56D-ECED7335EDA8}.Release|Any CPU.Build.0 = Release|Any CPU
		{773A041D-A4E1-46AF-A56D-ECED7335EDA8}.Release|x64.ActiveCfg = Release|Any CPU
		{773A041D-A4E1-46AF-A56D-ECED7335EDA8}.Release|x64.Build.0 = Release|Any CPU
		{773A041D-A4E1-46AF-A56D-ECED7335EDA8}.Release|x86.ActiveCfg = Release|Any CPU
		{773A041D-A4E1-46AF-A56D-ECED7335EDA8}.Release|x86.Build.0 = Release|Any CPU
		{8E8223A9-0301-4035-A307-F624F963206A}.Debug|Any CPU.ActiveCfg = Debug|Any CPU
		{8E8223A9-0301-4035-A307-F624F963206A}.Debug|Any CPU.Build.0 = Debug|Any CPU
		{8E8223A9-0301-4035-A307-F624F963206A}.Debug|x64.ActiveCfg = Debug|Any CPU
		{8E8223A9-0301-4035-A307-F624F963206A}.Debug|x64.Build.0 = Debug|Any CPU
		{8E8223A9-0301-4035-A307-F624F963206A}.Debug|x86.ActiveCfg = Debug|Any CPU
		{8E8223A9-0301-4035-A307-F624F963206A}.Debug|x86.Build.0 = Debug|Any CPU
		{8E8223A9-0301-4035-A307-F624F963206A}.Release|Any CPU.ActiveCfg = Release|Any CPU
		{8E8223A9-0301-4035-A307-F624F963206A}.Release|Any CPU.Build.0 = Release|Any CPU
		{8E8223A9-0301-4035-A307-F624F963206A}.Release|x64.ActiveCfg = Release|Any CPU
		{8E8223A9-0301-4035-A307-F624F963206A}.Release|x64.Build.0 = Release|Any CPU
		{8E8223A9-0301-4035-A307-F624F963206A}.Release|x86.ActiveCfg = Release|Any CPU
		{8E8223A9-0301-4035-A307-F624F963206A}.Release|x86.Build.0 = Release|Any CPU
		{9CD4068B-19C5-4AED-AAC6-A72816F7E159}.Debug|Any CPU.ActiveCfg = Debug|Any CPU
		{9CD4068B-19C5-4AED-AAC6-A72816F7E159}.Debug|Any CPU.Build.0 = Debug|Any CPU
		{9CD4068B-19C5-4AED-AAC6-A72816F7E159}.Debug|x64.ActiveCfg = Debug|Any CPU
		{9CD4068B-19C5-4AED-AAC6-A72816F7E159}.Debug|x64.Build.0 = Debug|Any CPU
		{9CD4068B-19C5-4AED-AAC6-A72816F7E159}.Debug|x86.ActiveCfg = Debug|Any CPU
		{9CD4068B-19C5-4AED-AAC6-A72816F7E159}.Debug|x86.Build.0 = Debug|Any CPU
		{9CD4068B-19C5-4AED-AAC6-A72816F7E159}.Release|Any CPU.ActiveCfg = Release|Any CPU
		{9CD4068B-19C5-4AED-AAC6-A72816F7E159}.Release|Any CPU.Build.0 = Release|Any CPU
		{9CD4068B-19C5-4AED-AAC6-A72816F7E159}.Release|x64.ActiveCfg = Release|Any CPU
		{9CD4068B-19C5-4AED-AAC6-A72816F7E159}.Release|x64.Build.0 = Release|Any CPU
		{9CD4068B-19C5-4AED-AAC6-A72816F7E159}.Release|x86.ActiveCfg = Release|Any CPU
		{9CD4068B-19C5-4AED-AAC6-A72816F7E159}.Release|x86.Build.0 = Release|Any CPU
		{C7D7225C-431A-4940-9714-525E005CE6F3}.Debug|Any CPU.ActiveCfg = Debug|Any CPU
		{C7D7225C-431A-4940-9714-525E005CE6F3}.Debug|Any CPU.Build.0 = Debug|Any CPU
		{C7D7225C-431A-4940-9714-525E005CE6F3}.Debug|x64.ActiveCfg = Debug|Any CPU
		{C7D7225C-431A-4940-9714-525E005CE6F3}.Debug|x64.Build.0 = Debug|Any CPU
		{C7D7225C-431A-4940-9714-525E005CE6F3}.Debug|x86.ActiveCfg = Debug|Any CPU
		{C7D7225C-431A-4940-9714-525E005CE6F3}.Debug|x86.Build.0 = Debug|Any CPU
		{C7D7225C-431A-4940-9714-525E005CE6F3}.Release|Any CPU.ActiveCfg = Release|Any CPU
		{C7D7225C-431A-4940-9714-525E005CE6F3}.Release|Any CPU.Build.0 = Release|Any CPU
		{C7D7225C-431A-4940-9714-525E005CE6F3}.Release|x64.ActiveCfg = Release|Any CPU
		{C7D7225C-431A-4940-9714-525E005CE6F3}.Release|x64.Build.0 = Release|Any CPU
		{C7D7225C-431A-4940-9714-525E005CE6F3}.Release|x86.ActiveCfg = Release|Any CPU
		{C7D7225C-431A-4940-9714-525E005CE6F3}.Release|x86.Build.0 = Release|Any CPU
		{11922B82-5A52-46E4-AABD-1909592B699E}.Debug|Any CPU.ActiveCfg = Debug|Any CPU
		{11922B82-5A52-46E4-AABD-1909592B699E}.Debug|Any CPU.Build.0 = Debug|Any CPU
		{11922B82-5A52-46E4-AABD-1909592B699E}.Debug|x64.ActiveCfg = Debug|Any CPU
		{11922B82-5A52-46E4-AABD-1909592B699E}.Debug|x64.Build.0 = Debug|Any CPU
		{11922B82-5A52-46E4-AABD-1909592B699E}.Debug|x86.ActiveCfg = Debug|Any CPU
		{11922B82-5A52-46E4-AABD-1909592B699E}.Debug|x86.Build.0 = Debug|Any CPU
		{11922B82-5A52-46E4-AABD-1909592B699E}.Release|Any CPU.ActiveCfg = Release|Any CPU
		{11922B82-5A52-46E4-AABD-1909592B699E}.Release|Any CPU.Build.0 = Release|Any CPU
		{11922B82-5A52-46E4-AABD-1909592B699E}.Release|x64.ActiveCfg = Release|Any CPU
		{11922B82-5A52-46E4-AABD-1909592B699E}.Release|x64.Build.0 = Release|Any CPU
		{11922B82-5A52-46E4-AABD-1909592B699E}.Release|x86.ActiveCfg = Release|Any CPU
		{11922B82-5A52-46E4-AABD-1909592B699E}.Release|x86.Build.0 = Release|Any CPU
	EndGlobalSection
	GlobalSection(SolutionProperties) = preSolution
		HideSolutionNode = FALSE
	EndGlobalSection
	GlobalSection(NestedProjects) = preSolution
		{773A041D-A4E1-46AF-A56D-ECED7335EDA8} = {827E0CD3-B72D-47B6-A68D-7590B98EB39B}
		{8E8223A9-0301-4035-A307-F624F963206A} = {827E0CD3-B72D-47B6-A68D-7590B98EB39B}
		{9CD4068B-19C5-4AED-AAC6-A72816F7E159} = {827E0CD3-B72D-47B6-A68D-7590B98EB39B}
		{C7D7225C-431A-4940-9714-525E005CE6F3} = {827E0CD3-B72D-47B6-A68D-7590B98EB39B}
		{11922B82-5A52-46E4-AABD-1909592B699E} = {827E0CD3-B72D-47B6-A68D-7590B98EB39B}
	EndGlobalSection
EndGlobal
